
Microsoft Visual Studio Solution File, Format Version 12.00
# Visual Studio Version 17
VisualStudioVersion = 17.2.32526.322
MinimumVisualStudioVersion = 10.0.40219.1
Project("{9A19103F-16F7-4668-BE54-9A1E7A4F7556}") = "TaskBoard-ApiTests", "TaskBoard-ApiTests\TaskBoard-ApiTests.csproj", "{7C3DE901-B920-42DD-8699-20F522E30BB4}"
EndProject
Project("{9A19103F-16F7-4668-BE54-9A1E7A4F7556}") = "TaskBoard-WebDriverTests", "TaskBoard-WebDriverTests\TaskBoard-WebDriverTests.csproj", "{0FFACF2D-F682-4EAB-90D0-93F8E97A897C}"
EndProject
Project("{FAE04EC0-301F-11D3-BF4B-00C04F79EFBC}") = "TaskBoard-DesktopAppTests", "TaskBoard-DesktopAppTests\TaskBoard-DesktopAppTests.csproj", "{69832FA9-EBA7-45C0-8E8C-CED02DD7C3DE}"
EndProject
Global
	GlobalSection(SolutionConfigurationPlatforms) = preSolution
		Debug|Any CPU = Debug|Any CPU
		Release|Any CPU = Release|Any CPU
	EndGlobalSection
	GlobalSection(ProjectConfigurationPlatforms) = postSolution
		{7C3DE901-B920-42DD-8699-20F522E30BB4}.Debug|Any CPU.ActiveCfg = Debug|Any CPU
		{7C3DE901-B920-42DD-8699-20F522E30BB4}.Debug|Any CPU.Build.0 = Debug|Any CPU
		{7C3DE901-B920-42DD-8699-20F522E30BB4}.Release|Any CPU.ActiveCfg = Release|Any CPU
		{7C3DE901-B920-42DD-8699-20F522E30BB4}.Release|Any CPU.Build.0 = Release|Any CPU
		{0FFACF2D-F682-4EAB-90D0-93F8E97A897C}.Debug|Any CPU.ActiveCfg = Debug|Any CPU
		{0FFACF2D-F682-4EAB-90D0-93F8E97A897C}.Debug|Any CPU.Build.0 = Debug|Any CPU
		{0FFACF2D-F682-4EAB-90D0-93F8E97A897C}.Release|Any CPU.ActiveCfg = Release|Any CPU
		{0FFACF2D-F682-4EAB-90D0-93F8E97A897C}.Release|Any CPU.Build.0 = Release|Any CPU
		{69832FA9-EBA7-45C0-8E8C-CED02DD7C3DE}.Debug|Any CPU.ActiveCfg = Debug|Any CPU
		{69832FA9-EBA7-45C0-8E8C-CED02DD7C3DE}.Debug|Any CPU.Build.0 = Debug|Any CPU
		{69832FA9-EBA7-45C0-8E8C-CED02DD7C3DE}.Release|Any CPU.ActiveCfg = Release|Any CPU
		{69832FA9-EBA7-45C0-8E8C-CED02DD7C3DE}.Release|Any CPU.Build.0 = Release|Any CPU
	EndGlobalSection
	GlobalSection(SolutionProperties) = preSolution
		HideSolutionNode = FALSE
	EndGlobalSection
	GlobalSection(ExtensibilityGlobals) = postSolution
		SolutionGuid = {6576007B-F167-49B8-823A-0630A61B8016}
	EndGlobalSection
EndGlobal
